PODS:
  - audioplayers (0.0.1):
    - Flutter
  - background_location (0.0.1):
    - Flutter
  - better_player (0.0.1):
    - Flutter
    - KTVHTTPCache (~> 2.0.0)
  - camera (0.0.1):
    - Flutter
  - CocoaAsyncSocket (7.6.5)
  - Firebase/CoreOnly (6.34.0):
    - FirebaseCore (= 6.10.4)
  - Firebase/MLVisionBarcodeModel (6.34.0):
    - Firebase/CoreOnly
    - FirebaseMLVisionBarcodeModel (~> 0.21.0)
  - Firebase/MLVisionFaceModel (6.34.0):
    - Firebase/CoreOnly
    - FirebaseMLVisionFaceModel (~> 0.21.0)
  - Firebase/MLVisionLabelModel (6.34.0):
    - Firebase/CoreOnly
    - FirebaseMLVisionLabelModel (~> 0.21.0)
  - Firebase/MLVisionTextModel (6.34.0):
    - Firebase/CoreOnly
    - FirebaseMLVisionTextModel (~> 0.21.0)
  - FirebaseCore (6.10.4):
    - FirebaseCoreDiagnostics (~> 1.6)
    - GoogleUtilities/Environment (~> 6.7)
    - GoogleUtilities/Logger (~> 6.7)
  - FirebaseCoreDiagnostics (1.7.0):
    - GoogleDataTransport (~> 7.4)
    - GoogleUtilities/Environment (~> 6.7)
    - GoogleUtilities/Logger (~> 6.7)
    - nanopb (~> 1.30906.0)
  - FirebaseInstallations (1.7.0):
    - FirebaseCore (~> 6.10)
    - GoogleUtilities/Environment (~> 6.7)
    - GoogleUtilities/UserDefaults (~> 6.7)
    - PromisesObjC (~> 1.2)
  - FirebaseMLCommon (0.21.0):
    - FirebaseCore (~> 6.9)
    - FirebaseInstallations (~> 1.5)
    - GoogleToolboxForMac/Logger (~> 2.1)
    - "GoogleToolboxForMac/NSData+zlib (~> 2.1)"
    - "GoogleToolboxForMac/NSDictionary+URLArguments (~> 2.1)"
    - GoogleUtilities/UserDefaults (~> 6.0)
    - GTMSessionFetcher/Core (~> 1.1)
    - Protobuf (~> 3.12)
  - FirebaseMLVision (0.21.0):
    - FirebaseCore (~> 6.9)
    - FirebaseMLCommon (~> 0.21)
    - GoogleAPIClientForREST/Core (~> 1.3)
    - GoogleAPIClientForREST/Vision (~> 1.3)
    - GoogleToolboxForMac/Logger (~> 2.1)
    - "GoogleToolboxForMac/NSData+zlib (~> 2.1)"
    - GTMSessionFetcher/Core (~> 1.1)
    - Protobuf (~> 3.12)
  - FirebaseMLVisionBarcodeModel (0.21.0):
    - FirebaseMLVision (~> 0.21)
  - FirebaseMLVisionFaceModel (0.21.0):
    - FirebaseMLVision (~> 0.21)
  - FirebaseMLVisionLabelModel (0.21.0):
    - FirebaseMLVision (~> 0.21)
  - FirebaseMLVisionTextModel (0.21.0):
    - FirebaseMLVision (~> 0.21)
  - Flutter (1.0.0)
  - fluttertoast (0.0.2):
    - Flutter
    - Toast
  - geolocator (6.2.0):
    - Flutter
  - google_maps_flutter (0.0.1):
    - Flutter
    - GoogleMaps
  - GoogleAPIClientForREST/Core (1.5.2):
    - GTMSessionFetcher (>= 1.1.7)
  - GoogleAPIClientForREST/Vision (1.5.2):
    - GoogleAPIClientForREST/Core
    - GTMSessionFetcher (>= 1.1.7)
  - GoogleDataTransport (7.5.1):
    - nanopb (~> 1.30906.0)
  - GoogleMaps (4.2.0):
    - GoogleMaps/Maps (= 4.2.0)
  - GoogleMaps/Base (4.2.0)
  - GoogleMaps/Maps (4.2.0):
    - GoogleMaps/Base
  - GoogleToolboxForMac/DebugUtils (2.3.1):
    - GoogleToolboxForMac/Defines (= 2.3.1)
  - GoogleToolboxForMac/Defines (2.3.1)
  - GoogleToolboxForMac/Logger (2.3.1):
    - GoogleToolboxForMac/Defines (= 2.3.1)
  - "GoogleToolboxForMac/NSData+zlib (2.3.1)":
    - GoogleToolboxForMac/Defines (= 2.3.1)
  - "GoogleToolboxForMac/NSDictionary+URLArguments (2.3.1)":
    - GoogleToolboxForMac/DebugUtils (= 2.3.1)
    - GoogleToolboxForMac/Defines (= 2.3.1)
    - "GoogleToolboxForMac/NSString+URLArguments (= 2.3.1)"
  - "GoogleToolboxForMac/NSString+URLArguments (2.3.1)"
  - GoogleUtilities/Environment (6.7.2):
    - PromisesObjC (~> 1.2)
  - GoogleUtilities/Logger (6.7.2):
    - GoogleUtilities/Environment
  - GoogleUtilities/UserDefaults (6.7.2):
    - GoogleUtilities/Logger
  - GTMSessionFetcher (1.5.0):
    - GTMSessionFetcher/Full (= 1.5.0)
  - GTMSessionFetcher/Core (1.5.0)
  - GTMSessionFetcher/Full (1.5.0):
    - GTMSessionFetcher/Core (= 1.5.0)
  - image_picker (0.0.1):
    - Flutter
  - KTVCocoaHTTPServer (1.0.0):
    - CocoaAsyncSocket
  - KTVHTTPCache (2.0.1):
    - KTVCocoaHTTPServer
  - nanopb (1.30906.0):
    - nanopb/decode (= 1.30906.0)
    - nanopb/encode (= 1.30906.0)
  - nanopb/decode (1.30906.0)
  - nanopb/encode (1.30906.0)
  - path_provider (0.0.1):
    - Flutter
  - "permission_handler (5.1.0+2)":
    - Flutter
  - persona_flutter (0.0.1):
    - Flutter
    - PersonaInquirySDK (= 1.1.7)
  - PersonaInquirySDK (1.1.7)
  - PromisesObjC (1.2.12)
  - Protobuf (3.17.0)
  - shared_preferences (0.0.1):
    - Flutter
  - Toast (4.0.0)
  - video_player (0.0.1):
    - Flutter
  - wakelock (0.0.1):
    - Flutter

DEPENDENCIES:
  - audioplayers (from `.symlinks/plugins/audioplayers/ios`)
  - background_location (from `.symlinks/plugins/background_location/ios`)
  - better_player (from `.symlinks/plugins/better_player/ios`)
  - camera (from `.symlinks/plugins/camera/ios`)
  - Firebase/MLVisionBarcodeModel
  - Firebase/MLVisionFaceModel
  - Firebase/MLVisionLabelModel
  - Firebase/MLVisionTextModel
  - Flutter (from `Flutter`)
  - fluttertoast (from `.symlinks/plugins/fluttertoast/ios`)
  - geolocator (from `.symlinks/plugins/geolocator/ios`)
  - google_maps_flutter (from `.symlinks/plugins/google_maps_flutter/ios`)
  - image_picker (from `.symlinks/plugins/image_picker/ios`)
  - path_provider (from `.symlinks/plugins/path_provider/ios`)
  - permission_handler (from `.symlinks/plugins/permission_handler/ios`)
  - persona_flutter (from `.symlinks/plugins/persona_flutter/ios`)
  - shared_preferences (from `.symlinks/plugins/shared_preferences/ios`)
  - video_player (from `.symlinks/plugins/video_player/ios`)
  - wakelock (from `.symlinks/plugins/wakelock/ios`)

SPEC REPOS:
  trunk:
    - CocoaAsyncSocket
    - Firebase
    - FirebaseCore
    - FirebaseCoreDiagnostics
    - FirebaseInstallations
    - FirebaseMLCommon
    - FirebaseMLVision
    - FirebaseMLVisionBarcodeModel
    - FirebaseMLVisionFaceModel
    - FirebaseMLVisionLabelModel
    - FirebaseMLVisionTextModel
    - GoogleAPIClientForREST
    - GoogleDataTransport
    - GoogleMaps
    - GoogleToolboxForMac
    - GoogleUtilities
    - GTMSessionFetcher
    - KTVCocoaHTTPServer
    - KTVHTTPCache
    - nanopb
    - PersonaInquirySDK
    - PromisesObjC
    - Protobuf
    - Toast

EXTERNAL SOURCES:
  audioplayers:
    :path: ".symlinks/plugins/audioplayers/ios"
  background_location:
    :path: ".symlinks/plugins/background_location/ios"
  better_player:
    :path: ".symlinks/plugins/better_player/ios"
  camera:
    :path: ".symlinks/plugins/camera/ios"
  Flutter:
    :path: Flutter
  fluttertoast:
    :path: ".symlinks/plugins/fluttertoast/ios"
  geolocator:
    :path: ".symlinks/plugins/geolocator/ios"
  google_maps_flutter:
    :path: ".symlinks/plugins/google_maps_flutter/ios"
  image_picker:
    :path: ".symlinks/plugins/image_picker/ios"
  path_provider:
    :path: ".symlinks/plugins/path_provider/ios"
  permission_handler:
    :path: ".symlinks/plugins/permission_handler/ios"
  persona_flutter:
    :path: ".symlinks/plugins/persona_flutter/ios"
  shared_preferences:
    :path: ".symlinks/plugins/shared_preferences/ios"
  video_player:
    :path: ".symlinks/plugins/video_player/ios"
  wakelock:
    :path: ".symlinks/plugins/wakelock/ios"

SPEC CHECKSUMS:
  audioplayers: 455322b54050b30ea4b1af7cd9e9d105f74efa8c
  background_location: 1b80c1fe3abd9912bca298618f6e365abf6f588f
  better_player: a4383402f457e53720525888c0fc5d337ef6ba11
  camera: a0ca5080336f7af47b88436e5e26da3dee5568f0
  CocoaAsyncSocket: 065fd1e645c7abab64f7a6a2007a48038fdc6a99
  Firebase: c23a36d9e4cdf7877dfcba8dd0c58add66358999
  FirebaseCore: d3a978a3cfa3240bf7e4ba7d137fdf5b22b628ec
  FirebaseCoreDiagnostics: 770ac5958e1372ce67959ae4b4f31d8e127c3ac1
  FirebaseInstallations: 466c7b4d1f58fe16707693091da253726a731ed2
  FirebaseMLCommon: f42d067ca7fed962e09f02ba94a24e06ee50d933
  FirebaseMLVision: fd7cdd33d067c976c16fd521e7e92c26c980c947
  FirebaseMLVisionBarcodeModel: 394cd61c52dc03558088caf82b0dade8028f57d5
  FirebaseMLVisionFaceModel: a67b2bf9b8407127a0bdb0ba98eb265637d1dc9d
  FirebaseMLVisionLabelModel: c6922e607cf4549b14981c80bf0d69eb51a2b547
  FirebaseMLVisionTextModel: e9f3cba0f31022ae9dd3d246aff9849075cacd98
  Flutter: 434fef37c0980e73bb6479ef766c45957d4b510c
  fluttertoast: 6122fa75143e992b1d3470f61000f591a798cc58
  geolocator: f5e3de65e241caba7ce3e8a618803387bda73384
  google_maps_flutter: df4e7de95264aa0a2f11aac0fc7e313acb8ffc7e
  GoogleAPIClientForREST: 538a8ad0014fd88b78894e77100775a6b0a4f7ed
  GoogleDataTransport: f56af7caa4ed338dc8e138a5d7c5973e66440833
  GoogleMaps: eb03e327edfd70b06de1e6e321653f73712df7ad
  GoogleToolboxForMac: 471e0c05d39506e50e6398f46fa9a12ae0efeff9
  GoogleUtilities: 7f2f5a07f888cdb145101d6042bc4422f57e70b3
  GTMSessionFetcher: b3503b20a988c4e20cc189aa798fd18220133f52
  image_picker: e06f7a68f000bd36f552c1847e33cda96ed31f1f
  KTVCocoaHTTPServer: df8d7b861e603ff8037e9b2138aca2563a6b768d
  KTVHTTPCache: 588c3eb16f6bd1e6fde1e230dabfb7bd4e490a4d
  nanopb: 59317e09cf1f1a0af72f12af412d54edf52603fc
  path_provider: abfe2b5c733d04e238b0d8691db0cfd63a27a93c
  permission_handler: ccb20a9fad0ee9b1314a52b70b76b473c5f8dab0
  persona_flutter: c3158f6e333b4b93006203b8d4b403ed9c755d86
  PersonaInquirySDK: b446c6bbbde70ce7f870d682bdce3acc48017b85
  PromisesObjC: 3113f7f76903778cf4a0586bd1ab89329a0b7b97
  Protobuf: 7327d4444215b5f18e560a97f879ff5503c4581c
  shared_preferences: af6bfa751691cdc24be3045c43ec037377ada40d
  Toast: 91b396c56ee72a5790816f40d3a94dd357abc196
  video_player: 9cc823b1d9da7e8427ee591e8438bfbcde500e6e
  wakelock: d0fc7c864128eac40eba1617cb5264d9c940b46f

PODFILE CHECKSUM: 60007b7aceeb757f94fedc445306814a06cfcfb6

COCOAPODS: 1.10.1
